
Microsoft Visual Studio Solution File, Format Version 12.00
# Visual Studio Version 16
VisualStudioVersion = 16.0.30717.126
MinimumVisualStudioVersion = 10.0.40219.1
Project("{FAE04EC0-301F-11D3-BF4B-00C04F79EFBC}") = "MasavBL", "MasavBL\MasavBL.csproj", "{C02A4C2A-F298-45C2-A5B8-6E7573910E1F}"
EndProject
Project("{FAE04EC0-301F-11D3-BF4B-00C04F79EFBC}") = "MasavUI", "MasavUI\MasavUI.csproj", "{4C80C0AF-54BF-4778-AE02-B0807AA91546}"
EndProject
Global
	GlobalSection(SolutionConfigurationPlatforms) = preSolution
		Debug|Any CPU = Debug|Any CPU
		Release|Any CPU = Release|Any CPU
	EndGlobalSection
	GlobalSection(ProjectConfigurationPlatforms) = postSolution
		{C02A4C2A-F298-45C2-A5B8-6E7573910E1F}.Debug|Any CPU.ActiveCfg = Debug|Any CPU
		{C02A4C2A-F298-45C2-A5B8-6E7573910E1F}.Debug|Any CPU.Build.0 = Debug|Any CPU
		{C02A4C2A-F298-45C2-A5B8-6E7573910E1F}.Release|Any CPU.ActiveCfg = Release|Any CPU
		{C02A4C2A-F298-45C2-A5B8-6E7573910E1F}.Release|Any CPU.Build.0 = Release|Any CPU
		{4C80C0AF-54BF-4778-AE02-B0807AA91546}.Debug|Any CPU.ActiveCfg = Debug|Any CPU
		{4C80C0AF-54BF-4778-AE02-B0807AA91546}.Debug|Any CPU.Build.0 = Debug|Any CPU
		{4C80C0AF-54BF-4778-AE02-B0807AA91546}.Release|Any CPU.ActiveCfg = Release|Any CPU
		{4C80C0AF-54BF-4778-AE02-B0807AA91546}.Release|Any CPU.Build.0 = Release|Any CPU
	EndGlobalSection
	GlobalSection(SolutionProperties) = preSolution
		HideSolutionNode = FALSE
	EndGlobalSection
	GlobalSection(ExtensibilityGlobals) = postSolution
		SolutionGuid = {3B70B81D-060F-4AAA-B06F-CD496B1EA3AD}
	EndGlobalSection
EndGlobal
